
Microsoft Visual Studio Solution File, Format Version 12.00
# Visual Studio Version 17
VisualStudioVersion = 17.0.32126.317
MinimumVisualStudioVersion = 10.0.40219.1
Project("{FAE04EC0-301F-11D3-BF4B-00C04F79EFBC}") = "Write Your First CSharp Code", "Write Your First CSharp Code.csproj", "{893B4FDD-324E-4E81-BE82-AFC11D5A74D5}"
EndProject
Global
	GlobalSection(SolutionConfigurationPlatforms) = preSolution
		Debug|Any CPU = Debug|Any CPU
		Release|Any CPU = Release|Any CPU
	EndGlobalSection
	GlobalSection(ProjectConfigurationPlatforms) = postSolution
		{893B4FDD-324E-4E81-BE82-AFC11D5A74D5}.Debug|Any CPU.ActiveCfg = Debug|Any CPU
		{893B4FDD-324E-4E81-BE82-AFC11D5A74D5}.Debug|Any CPU.Build.0 = Debug|Any CPU
		{893B4FDD-324E-4E81-BE82-AFC11D5A74D5}.Release|Any CPU.ActiveCfg = Release|Any CPU
		{893B4FDD-324E-4E81-BE82-AFC11D5A74D5}.Release|Any CPU.Build.0 = Release|Any CPU
	EndGlobalSection
	GlobalSection(SolutionProperties) = preSolution
		HideSolutionNode = FALSE
	EndGlobalSection
	GlobalSection(ExtensibilityGlobals) = postSolution
		SolutionGuid = {943DAD7F-6E72-494C-BA45-5BBBA47A1728}
	EndGlobalSection
EndGlobal
